// !$*UTF8*$!
{
	archiveVersion = 1;
	classes = {
	};
	objectVersion = 46;
	objects = {

/* Begin PBXBuildFile section */
		930FF82A1702CD0E001B7140 /* catched.wav in Resources */ = {isa = PBXBuildFile; fileRef = 930FF8291702CD0E001B7140 /* catched.wav */; };
		930FF82E1702CD72001B7140 /* icon.png in Resources */ = {isa = PBXBuildFile; fileRef = 930FF82C1702CD72001B7140 /* icon.png */; };
		930FF82F1702CD72001B7140 /* icon@2x.png in Resources */ = {isa = PBXBuildFile; fileRef = 930FF82D1702CD72001B7140 /* icon@2x.png */; };
		930FF8311702CE14001B7140 /* AudioToolbox.framework in Frameworks */ = {isa = PBXBuildFile; fileRef = 930FF8301702CE14001B7140 /* AudioToolbox.framework */; };
		9338BD0E16FFEDE10082A4C6 /* UIKit.framework in Frameworks */ = {isa = PBXBuildFile; fileRef = 9338BD0D16FFEDE10082A4C6 /* UIKit.framework */; };
		9338BD1016FFEDE10082A4C6 /* Foundation.framework in Frameworks */ = {isa = PBXBuildFile; fileRef = 9338BD0F16FFEDE10082A4C6 /* Foundation.framework */; };
		9338BD1216FFEDE10082A4C6 /* CoreGraphics.framework in Frameworks */ = {isa = PBXBuildFile; fileRef = 9338BD1116FFEDE10082A4C6 /* CoreGraphics.framework */; };
		9338BD1816FFEDE10082A4C6 /* InfoPlist.strings in Resources */ = {isa = PBXBuildFile; fileRef = 9338BD1616FFEDE10082A4C6 /* InfoPlist.strings */; };
		9338BD1A16FFEDE10082A4C6 /* main.m in Sources */ = {isa = PBXBuildFile; fileRef = 9338BD1916FFEDE10082A4C6 /* main.m */; };
		9338BD1E16FFEDE10082A4C6 /* AppDelegate.m in Sources */ = {isa = PBXBuildFile; fileRef = 9338BD1D16FFEDE10082A4C6 /* AppDelegate.m */; };
		9338BD2016FFEDE10082A4C6 /* Default.png in Resources */ = {isa = PBXBuildFile; fileRef = 9338BD1F16FFEDE10082A4C6 /* Default.png */; };
		9338BD2216FFEDE10082A4C6 /* Default@2x.png in Resources */ = {isa = PBXBuildFile; fileRef = 9338BD2116FFEDE10082A4C6 /* Default@2x.png */; };
		9338BD2416FFEDE10082A4C6 /* Default-568h@2x.png in Resources */ = {isa = PBXBuildFile; fileRef = 9338BD2316FFEDE10082A4C6 /* Default-568h@2x.png */; };
		9338BD2716FFEDE10082A4C6 /* ViewController.m in Sources */ = {isa = PBXBuildFile; fileRef = 9338BD2616FFEDE10082A4C6 /* ViewController.m */; };
		9338BD3216FFEECF0082A4C6 /* 0.png in Resources */ = {isa = PBXBuildFile; fileRef = 9338BD3016FFEECF0082A4C6 /* 0.png */; };
		9338BD3316FFEECF0082A4C6 /* 1.png in Resources */ = {isa = PBXBuildFile; fileRef = 9338BD3116FFEECF0082A4C6 /* 1.png */; };
/* End PBXBuildFile section */

/* Begin PBXFileReference section */
		930FF8291702CD0E001B7140 /* catched.wav */ = {isa = PBXFileReference; lastKnownFileType = audio.wav; path = catched.wav; sourceTree = "<group>"; };
		930FF82C1702CD72001B7140 /* icon.png */ = {isa = PBXFileReference; lastKnownFileType = image.png; path = icon.png; sourceTree = "<group>"; };
		930FF82D1702CD72001B7140 /* icon@2x.png */ = {isa = PBXFileReference; lastKnownFileType = image.png; path = "icon@2x.png"; sourceTree = "<group>"; };
		930FF8301702CE14001B7140 /* AudioToolbox.framework */ = {isa = PBXFileReference; lastKnownFileType = wrapper.framework; name = AudioToolbox.framework; path = System/Library/Frameworks/AudioToolbox.framework; sourceTree = SDKROOT; };
		9338BD0916FFEDE10082A4C6 /* CatchSiky.app */ = {isa = PBXFileReference; explicitFileType = wrapper.application; includeInIndex = 0; path = CatchSiky.app; sourceTree = BUILT_PRODUCTS_DIR; };
		9338BD0D16FFEDE10082A4C6 /* UIKit.framework */ = {isa = PBXFileReference; lastKnownFileType = wrapper.framework; name = UIKit.framework; path = System/Library/Frameworks/UIKit.framework; sourceTree = SDKROOT; };
		9338BD0F16FFEDE10082A4C6 /* Foundation.framework */ = {isa = PBXFileReference; lastKnownFileType = wrapper.framework; name = Foundation.framework; path = System/Library/Frameworks/Foundation.framework; sourceTree = SDKROOT; };
		9338BD1116FFEDE10082A4C6 /* CoreGraphics.framework */ = {isa = PBXFileReference; lastKnownFileType = wrapper.framework; name = CoreGraphics.framework; path = System/Library/Frameworks/CoreGraphics.framework; sourceTree = SDKROOT; };
		9338BD1516FFEDE10082A4C6 /* CatchSiky-Info.plist */ = {isa = PBXFileReference; lastKnownFileType = text.plist.xml; path = "CatchSiky-Info.plist"; sourceTree = "<group>"; };
		9338BD1716FFEDE10082A4C6 /* en */ = {isa = PBXFileReference; lastKnownFileType = text.plist.strings; name = en; path = en.lproj/InfoPlist.strings; sourceTree = "<group>"; };
		9338BD1916FFEDE10082A4C6 /* main.m */ = {isa = PBXFileReference; lastKnownFileType = sourcecode.c.objc; path = main.m; sourceTree = "<group>"; };
		9338BD1B16FFEDE10082A4C6 /* CatchSiky-Prefix.pch */ = {isa = PBXFileReference; lastKnownFileType = sourcecode.c.h; path = "CatchSiky-Prefix.pch"; sourceTree = "<group>"; };
		9338BD1C16FFEDE10082A4C6 /* AppDelegate.h */ = {isa = PBXFileReference; lastKnownFileType = sourcecode.c.h; path = AppDelegate.h; sourceTree = "<group>"; };
		9338BD1D16FFEDE10082A4C6 /* AppDelegate.m */ = {isa = PBXFileReference; lastKnownFileType = sourcecode.c.objc; path = AppDelegate.m; sourceTree = "<group>"; };
		9338BD1F16FFEDE10082A4C6 /* Default.png */ = {isa = PBXFileReference; lastKnownFileType = image.png; path = Default.png; sourceTree = "<group>"; };
		9338BD2116FFEDE10082A4C6 /* Default@2x.png */ = {isa = PBXFileReference; lastKnownFileType = image.png; path = "Default@2x.png"; sourceTree = "<group>"; };
		9338BD2316FFEDE10082A4C6 /* Default-568h@2x.png */ = {isa = PBXFileReference; lastKnownFileType = image.png; path = "Default-568h@2x.png"; sourceTree = "<group>"; };
		9338BD2516FFEDE10082A4C6 /* ViewController.h */ = {isa = PBXFileReference; lastKnownFileType = sourcecode.c.h; path = ViewController.h; sourceTree = "<group>"; };
		9338BD2616FFEDE10082A4C6 /* ViewController.m */ = {isa = PBXFileReference; lastKnownFileType = sourcecode.c.objc; path = ViewController.m; sourceTree = "<group>"; };
		9338BD3016FFEECF0082A4C6 /* 0.png */ = {isa = PBXFileReference; lastKnownFileType = image.png; path = 0.png; sourceTree = "<group>"; };
		9338BD3116FFEECF0082A4C6 /* 1.png */ = {isa = PBXFileReference; lastKnownFileType = image.png; path = 1.png; sourceTree = "<group>"; };
/* End PBXFileReference section */

/* Begin PBXFrameworksBuildPhase section */
		9338BD0616FFEDE10082A4C6 /* Frameworks */ = {
			isa = PBXFrameworksBuildPhase;
			buildActionMask = 2147483647;
			files = (
				930FF8311702CE14001B7140 /* AudioToolbox.framework in Frameworks */,
				9338BD0E16FFEDE10082A4C6 /* UIKit.framework in Frameworks */,
				9338BD1016FFEDE10082A4C6 /* Foundation.framework in Frameworks */,
				9338BD1216FFEDE10082A4C6 /* CoreGraphics.framework in Frameworks */,
			);
			runOnlyForDeploymentPostprocessing = 0;
		};
/* End PBXFrameworksBuildPhase section */

/* Begin PBXGroup section */
		9338BCFE16FFEDE10082A4C6 = {
			isa = PBXGroup;
			children = (
				9338BD1316FFEDE10082A4C6 /* CatchSiky */,
				9338BD0C16FFEDE10082A4C6 /* Frameworks */,
				9338BD0A16FFEDE10082A4C6 /* Products */,
			);
			sourceTree = "<group>";
		};
		9338BD0A16FFEDE10082A4C6 /* Products */ = {
			isa = PBXGroup;
			children = (
				9338BD0916FFEDE10082A4C6 /* CatchSiky.app */,
			);
			name = Products;
			sourceTree = "<group>";
		};
		9338BD0C16FFEDE10082A4C6 /* Frameworks */ = {
			isa = PBXGroup;
			children = (
				930FF8301702CE14001B7140 /* AudioToolbox.framework */,
				9338BD0D16FFEDE10082A4C6 /* UIKit.framework */,
				9338BD0F16FFEDE10082A4C6 /* Foundation.framework */,
				9338BD1116FFEDE10082A4C6 /* CoreGraphics.framework */,
			);
			name = Frameworks;
			sourceTree = "<group>";
		};
		9338BD1316FFEDE10082A4C6 /* CatchSiky */ = {
			isa = PBXGroup;
			children = (
				9338BD46170026CB0082A4C6 /* Classes */,
				9338BD45170026750082A4C6 /* Resources */,
				9338BD1416FFEDE10082A4C6 /* Supporting Files */,
			);
			path = CatchSiky;
			sourceTree = "<group>";
		};
		9338BD1416FFEDE10082A4C6 /* Supporting Files */ = {
			isa = PBXGroup;
			children = (
				9338BD1516FFEDE10082A4C6 /* CatchSiky-Info.plist */,
				9338BD1616FFEDE10082A4C6 /* InfoPlist.strings */,
				9338BD1916FFEDE10082A4C6 /* main.m */,
				9338BD1B16FFEDE10082A4C6 /* CatchSiky-Prefix.pch */,
				9338BD1F16FFEDE10082A4C6 /* Default.png */,
				9338BD2116FFEDE10082A4C6 /* Default@2x.png */,
				9338BD2316FFEDE10082A4C6 /* Default-568h@2x.png */,
			);
			name = "Supporting Files";
			sourceTree = "<group>";
		};
		9338BD45170026750082A4C6 /* Resources */ = {
			isa = PBXGroup;
			children = (
				930FF82C1702CD72001B7140 /* icon.png */,
				930FF8291702CD0E001B7140 /* catched.wav */,
				930FF82D1702CD72001B7140 /* icon@2x.png */,
				9338BD3016FFEECF0082A4C6 /* 0.png */,
				9338BD3116FFEECF0082A4C6 /* 1.png */,
			);
			name = Resources;
			sourceTree = "<group>";
		};
		9338BD46170026CB0082A4C6 /* Classes */ = {
			isa = PBXGroup;
			children = (
				9338BD1C16FFEDE10082A4C6 /* AppDelegate.h */,
				9338BD1D16FFEDE10082A4C6 /* AppDelegate.m */,
				9338BD2516FFEDE10082A4C6 /* ViewController.h */,
				9338BD2616FFEDE10082A4C6 /* ViewController.m */,
			);
			name = Classes;
			sourceTree = "<group>";
		};
/* End PBXGroup section */

/* Begin PBXNativeTarget section */
		9338BD0816FFEDE10082A4C6 /* CatchSiky */ = {
			isa = PBXNativeTarget;
			buildConfigurationList = 9338BD2D16FFEDE10082A4C6 /* Build configuration list for PBXNativeTarget "CatchSiky" */;
			buildPhases = (
				9338BD0516FFEDE10082A4C6 /* Sources */,
				9338BD0616FFEDE10082A4C6 /* Frameworks */,
				9338BD0716FFEDE10082A4C6 /* Resources */,
			);
			buildRules = (
			);
			dependencies = (
			);
			name = CatchSiky;
			productName = CatchSiky;
			productReference = 9338BD0916FFEDE10082A4C6 /* CatchSiky.app */;
			productType = "com.apple.product-type.application";
		};
/* End PBXNativeTarget section */

/* Begin PBXProject section */
		9338BD0016FFEDE10082A4C6 /* Project object */ = {
			isa = PBXProject;
			attributes = {
				LastUpgradeCheck = 0450;
				ORGANIZATIONNAME = mobadcloud;
			};
			buildConfigurationList = 9338BD0316FFEDE10082A4C6 /* Build configuration list for PBXProject "CatchSiky" */;
			compatibilityVersion = "Xcode 3.2";
			developmentRegion = English;
			hasScannedForEncodings = 0;
			knownRegions = (
				en,
			);
			mainGroup = 9338BCFE16FFEDE10082A4C6;
			productRefGroup = 9338BD0A16FFEDE10082A4C6 /* Products */;
			projectDirPath = "";
			projectRoot = "";
			targets = (
				9338BD0816FFEDE10082A4C6 /* CatchSiky */,
			);
		};
/* End PBXProject section */

/* Begin PBXResourcesBuildPhase section */
		9338BD0716FFEDE10082A4C6 /* Resources */ = {
			isa = PBXResourcesBuildPhase;
			buildActionMask = 2147483647;
			files = (
				9338BD1816FFEDE10082A4C6 /* InfoPlist.strings in Resources */,
				9338BD2016FFEDE10082A4C6 /* Default.png in Resources */,
				9338BD2216FFEDE10082A4C6 /* Default@2x.png in Resources */,
				9338BD2416FFEDE10082A4C6 /* Default-568h@2x.png in Resources */,
				9338BD3216FFEECF0082A4C6 /* 0.png in Resources */,
				9338BD3316FFEECF0082A4C6 /* 1.png in Resources */,
				930FF82A1702CD0E001B7140 /* catched.wav in Resources */,
				930FF82E1702CD72001B7140 /* icon.png in Resources */,
				930FF82F1702CD72001B7140 /* icon@2x.png in Resources */,
			);
			runOnlyForDeploymentPostprocessing = 0;
		};
/* End PBXResourcesBuildPhase section */

/* Begin PBXSourcesBuildPhase section */
		9338BD0516FFEDE10082A4C6 /* Sources */ = {
			isa = PBXSourcesBuildPhase;
			buildActionMask = 2147483647;
			files = (
				9338BD1A16FFEDE10082A4C6 /* main.m in Sources */,
				9338BD1E16FFEDE10082A4C6 /* AppDelegate.m in Sources */,
				9338BD2716FFEDE10082A4C6 /* ViewController.m in Sources */,
			);
			runOnlyForDeploymentPostprocessing = 0;
		};
/* End PBXSourcesBuildPhase section */

/* Begin PBXVariantGroup section */
		9338BD1616FFEDE10082A4C6 /* InfoPlist.strings */ = {
			isa = PBXVariantGroup;
			children = (
				9338BD1716FFEDE10082A4C6 /* en */,
			);
			name = InfoPlist.strings;
			sourceTree = "<group>";
		};
/* End PBXVariantGroup section */

/* Begin XCBuildConfiguration section */
		9338BD2B16FFEDE10082A4C6 /* Debug */ = {
			isa = XCBuildConfiguration;
			buildSettings = {
				ALWAYS_SEARCH_USER_PATHS = NO;
				CLANG_CXX_LANGUAGE_STANDARD = "gnu++0x";
				CLANG_CXX_LIBRARY = "libc++";
				CLANG_WARN_EMPTY_BODY = YES;
				CLANG_WARN__DUPLICATE_METHOD_MATCH = YES;
				"CODE_SIGN_IDENTITY[sdk=iphoneos*]" = "iPhone Developer";
				COPY_PHASE_STRIP = NO;
				GCC_C_LANGUAGE_STANDARD = gnu99;
				GCC_DYNAMIC_NO_PIC = NO;
				GCC_OPTIMIZATION_LEVEL = 0;
				GCC_PREPROCESSOR_DEFINITIONS = (
					"DEBUG=1",
					"$(inherited)",
				);
				GCC_SYMBOLS_PRIVATE_EXTERN = NO;
				GCC_WARN_ABOUT_RETURN_TYPE = YES;
				GCC_WARN_UNINITIALIZED_AUTOS = YES;
				GCC_WARN_UNUSED_VARIABLE = YES;
				IPHONEOS_DEPLOYMENT_TARGET = 6.0;
				ONLY_ACTIVE_ARCH = YES;
				SDKROOT = iphoneos;
			};
			name = Debug;
		};
		9338BD2C16FFEDE10082A4C6 /* Release */ = {
			isa = XCBuildConfiguration;
			buildSettings = {
				ALWAYS_SEARCH_USER_PATHS = NO;
				CLANG_CXX_LANGUAGE_STANDARD = "gnu++0x";
				CLANG_CXX_LIBRARY = "libc++";
				CLANG_WARN_EMPTY_BODY = YES;
				CLANG_WARN__DUPLICATE_METHOD_MATCH = YES;
				"CODE_SIGN_IDENTITY[sdk=iphoneos*]" = "iPhone Developer";
				COPY_PHASE_STRIP = YES;
				GCC_C_LANGUAGE_STANDARD = gnu99;
				GCC_WARN_ABOUT_RETURN_TYPE = YES;
				GCC_WARN_UNINITIALIZED_AUTOS = YES;
				GCC_WARN_UNUSED_VARIABLE = YES;
				IPHONEOS_DEPLOYMENT_TARGET = 6.0;
				OTHER_CFLAGS = "-DNS_BLOCK_ASSERTIONS=1";
				SDKROOT = iphoneos;
				VALIDATE_PRODUCT = YES;
			};
			name = Release;
		};
		9338BD2E16FFEDE10082A4C6 /* Debug */ = {
			isa = XCBuildConfiguration;
			buildSettings = {
				GCC_PRECOMPILE_PREFIX_HEADER = YES;
				GCC_PREFIX_HEADER = "CatchSiky/CatchSiky-Prefix.pch";
				INFOPLIST_FILE = "CatchSiky/CatchSiky-Info.plist";
				IPHONEOS_DEPLOYMENT_TARGET = 4.3;
				PRODUCT_NAME = "$(TARGET_NAME)";
				WRAPPER_EXTENSION = app;
			};
			name = Debug;
		};
		9338BD2F16FFEDE10082A4C6 /* Release */ = {
			isa = XCBuildConfiguration;
			buildSettings = {
				GCC_PRECOMPILE_PREFIX_HEADER = YES;
				GCC_PREFIX_HEADER = "CatchSiky/CatchSiky-Prefix.pch";
				INFOPLIST_FILE = "CatchSiky/CatchSiky-Info.plist";
				IPHONEOS_DEPLOYMENT_TARGET = 4.3;
				PRODUCT_NAME = "$(TARGET_NAME)";
				WRAPPER_EXTENSION = app;
			};
			name = Release;
		};
/* End XCBuildConfiguration section */

/* Begin XCConfigurationList section */
		9338BD0316FFEDE10082A4C6 /* Build configuration list for PBXProject "CatchSiky" */ = {
			isa = XCConfigurationList;
			buildConfigurations = (
				9338BD2B16FFEDE10082A4C6 /* Debug */,
				9338BD2C16FFEDE10082A4C6 /* Release */,
			);
			defaultConfigurationIsVisible = 0;
			defaultConfigurationName = Release;
		};
		9338BD2D16FFEDE10082A4C6 /* Build configuration list for PBXNativeTarget "CatchSiky" */ = {
			isa = XCConfigurationList;
			buildConfigurations = (
				9338BD2E16FFEDE10082A4C6 /* Debug */,
				9338BD2F16FFEDE10082A4C6 /* Release */,
			);
			defaultConfigurationIsVisible = 0;
			defaultConfigurationName = Release;
		};
/* End XCConfigurationList section */
	};
	rootObject = 9338BD0016FFEDE10082A4C6 /* Project object */;
}
